// !$*UTF8*$!
{
	archiveVersion = 1;
	classes = {
	};
	objectVersion = 46;
	objects = {

/* Begin PBXBuildFile section */
		7B3D634F1E1106890096D290 /* DDTwitterHandler.m in Sources */ = {isa = PBXBuildFile; fileRef = 7B3D634E1E1106890096D290 /* DDTwitterHandler.m */; };
		7B717BD41E0BC1FE0098D5D8 /* DDAuthItem.m in Sources */ = {isa = PBXBuildFile; fileRef = 7B717B9E1E0BC1FE0098D5D8 /* DDAuthItem.m */; };
		7B717BD51E0BC1FE0098D5D8 /* DDLinkupItem.m in Sources */ = {isa = PBXBuildFile; fileRef = 7B717BA01E0BC1FE0098D5D8 /* DDLinkupItem.m */; };
		7B717BD61E0BC1FE0098D5D8 /* DDSoicalRequestHandler.m in Sources */ = {isa = PBXBuildFile; fileRef = 7B717BA61E0BC1FE0098D5D8 /* DDSoicalRequestHandler.m */; };
		7B717BD71E0BC1FE0098D5D8 /* DDUserInfoItem.m in Sources */ = {isa = PBXBuildFile; fileRef = 7B717BA81E0BC1FE0098D5D8 /* DDUserInfoItem.m */; };
		7B717BD81E0BC1FE0098D5D8 /* UIImage+Zoom.m in Sources */ = {isa = PBXBuildFile; fileRef = 7B717BAA1E0BC1FE0098D5D8 /* UIImage+Zoom.m */; };
		7B717BD91E0BC1FE0098D5D8 /* DDFacebookHandler.m in Sources */ = {isa = PBXBuildFile; fileRef = 7B717BAD1E0BC1FE0098D5D8 /* DDFacebookHandler.m */; };
		7B717BDA1E0BC1FE0098D5D8 /* DDGoogleHandler.m in Sources */ = {isa = PBXBuildFile; fileRef = 7B717BB01E0BC1FE0098D5D8 /* DDGoogleHandler.m */; };
		7B717BDB1E0BC1FE0098D5D8 /* DDSocialShareHandler.m in Sources */ = {isa = PBXBuildFile; fileRef = 7B717BB31E0BC1FE0098D5D8 /* DDSocialShareHandler.m */; };
		7B717BDC1E0BC1FE0098D5D8 /* DDMIHandler.m in Sources */ = {isa = PBXBuildFile; fileRef = 7B717BB71E0BC1FE0098D5D8 /* DDMIHandler.m */; };
		7B717BDD1E0BC1FE0098D5D8 /* MiPassport.bundle in Resources */ = {isa = PBXBuildFile; fileRef = 7B717BB91E0BC1FE0098D5D8 /* MiPassport.bundle */; };
		7B717BDE1E0BC1FE0098D5D8 /* MiPassport.framework in Frameworks */ = {isa = PBXBuildFile; fileRef = 7B717BBA1E0BC1FE0098D5D8 /* MiPassport.framework */; };
		7B717BDF1E0BC1FE0098D5D8 /* DDSinaHandler.m in Sources */ = {isa = PBXBuildFile; fileRef = 7B717BBD1E0BC1FE0098D5D8 /* DDSinaHandler.m */; };
		7B717BE11E0BC1FE0098D5D8 /* DDTencentHandler.m in Sources */ = {isa = PBXBuildFile; fileRef = 7B717BC41E0BC1FE0098D5D8 /* DDTencentHandler.m */; };
		7B717BE21E0BC1FE0098D5D8 /* TencentOpenAPI.framework in Frameworks */ = {isa = PBXBuildFile; fileRef = 7B717BC61E0BC1FE0098D5D8 /* TencentOpenAPI.framework */; };
		7B717BE51E0BC1FE0098D5D8 /* DDWeChatHandler.m in Sources */ = {isa = PBXBuildFile; fileRef = 7B717BCE1E0BC1FE0098D5D8 /* DDWeChatHandler.m */; };
		7B717BE61E0BC1FE0098D5D8 /* libWeChatSDK.a in Frameworks */ = {isa = PBXBuildFile; fileRef = 7B717BD01E0BC1FE0098D5D8 /* libWeChatSDK.a */; };
		7B717BE81E0BC2280098D5D8 /* main.m in Sources */ = {isa = PBXBuildFile; fileRef = 7B717BE71E0BC2280098D5D8 /* main.m */; };
		7BF33FE91E0AC84500A02EAA /* DDAuthTableViewController.m in Sources */ = {isa = PBXBuildFile; fileRef = 7BF33FDF1E0AC84500A02EAA /* DDAuthTableViewController.m */; };
		7BF33FEA1E0AC84500A02EAA /* DDAuthTableViewController.xib in Resources */ = {isa = PBXBuildFile; fileRef = 7BF33FE01E0AC84500A02EAA /* DDAuthTableViewController.xib */; };
		7BF33FEB1E0AC84500A02EAA /* DDMainViewController.m in Sources */ = {isa = PBXBuildFile; fileRef = 7BF33FE21E0AC84500A02EAA /* DDMainViewController.m */; };
		7BF33FEC1E0AC84500A02EAA /* DDMainViewController.xib in Resources */ = {isa = PBXBuildFile; fileRef = 7BF33FE31E0AC84500A02EAA /* DDMainViewController.xib */; };
		7BF33FED1E0AC84500A02EAA /* DDShareTableViewController.m in Sources */ = {isa = PBXBuildFile; fileRef = 7BF33FE51E0AC84500A02EAA /* DDShareTableViewController.m */; };
		7BF33FEE1E0AC84500A02EAA /* DDShareTableViewController.xib in Resources */ = {isa = PBXBuildFile; fileRef = 7BF33FE61E0AC84500A02EAA /* DDShareTableViewController.xib */; };
		7BF33FEF1E0AC84500A02EAA /* GoogleService-Info.plist in Resources */ = {isa = PBXBuildFile; fileRef = 7BF33FE71E0AC84500A02EAA /* GoogleService-Info.plist */; };
		7BF33FF01E0AC84500A02EAA /* IMG_5644.JPG in Resources */ = {isa = PBXBuildFile; fileRef = 7BF33FE81E0AC84500A02EAA /* IMG_5644.JPG */; };
		8FB3F3308E386B894D00C0E6 /* libPods-DDSocialCodeDemo.a in Frameworks */ = {isa = PBXBuildFile; fileRef = ADB39552868A13A2BE675CED /* libPods-DDSocialCodeDemo.a */; };
		9060A9951CC50396006BABE2 /* AppDelegate.m in Sources */ = {isa = PBXBuildFile; fileRef = 9060A9941CC50396006BABE2 /* AppDelegate.m */; };
		9060A99B1CC50396006BABE2 /* Main.storyboard in Resources */ = {isa = PBXBuildFile; fileRef = 9060A9991CC50396006BABE2 /* Main.storyboard */; };
		9060A99D1CC50396006BABE2 /* Assets.xcassets in Resources */ = {isa = PBXBuildFile; fileRef = 9060A99C1CC50396006BABE2 /* Assets.xcassets */; };
		9060A9A01CC50396006BABE2 /* LaunchScreen.storyboard in Resources */ = {isa = PBXBuildFile; fileRef = 9060A99E1CC50396006BABE2 /* LaunchScreen.storyboard */; };
		9060AA231CC504B0006BABE2 /* Foundation.framework in Frameworks */ = {isa = PBXBuildFile; fileRef = 9060AA221CC504B0006BABE2 /* Foundation.framework */; };
		9060AA251CC504B6006BABE2 /* UIKit.framework in Frameworks */ = {isa = PBXBuildFile; fileRef = 9060AA241CC504B6006BABE2 /* UIKit.framework */; };
		9060AA271CC504C1006BABE2 /* libz.tbd in Frameworks */ = {isa = PBXBuildFile; fileRef = 9060AA261CC504C1006BABE2 /* libz.tbd */; };
		9060AA291CC504C7006BABE2 /* libsqlite3.tbd in Frameworks */ = {isa = PBXBuildFile; fileRef = 9060AA281CC504C7006BABE2 /* libsqlite3.tbd */; };
		9060AA2B1CC504FB006BABE2 /* libstdc++.tbd in Frameworks */ = {isa = PBXBuildFile; fileRef = 9060AA2A1CC504FB006BABE2 /* libstdc++.tbd */; };
		9060AA2D1CC50503006BABE2 /* libiconv.tbd in Frameworks */ = {isa = PBXBuildFile; fileRef = 9060AA2C1CC50503006BABE2 /* libiconv.tbd */; };
		9060AA2F1CC50510006BABE2 /* SystemConfiguration.framework in Frameworks */ = {isa = PBXBuildFile; fileRef = 9060AA2E1CC50510006BABE2 /* SystemConfiguration.framework */; };
		9060AA311CC50516006BABE2 /* CoreGraphics.framework in Frameworks */ = {isa = PBXBuildFile; fileRef = 9060AA301CC50516006BABE2 /* CoreGraphics.framework */; };
		9060AA331CC50523006BABE2 /* CoreTelephony.framework in Frameworks */ = {isa = PBXBuildFile; fileRef = 9060AA321CC50523006BABE2 /* CoreTelephony.framework */; };
		9060AA351CC5052C006BABE2 /* Security.framework in Frameworks */ = {isa = PBXBuildFile; fileRef = 9060AA341CC5052C006BABE2 /* Security.framework */; };
		90DDEFC41ECA87F60081E86C /* libWeiboSDK.a in Frameworks */ = {isa = PBXBuildFile; fileRef = 90DDEFBE1ECA87F60081E86C /* libWeiboSDK.a */; };
		90DDEFC51ECA87F60081E86C /* WeiboSDK.bundle in Resources */ = {isa = PBXBuildFile; fileRef = 90DDEFC21ECA87F60081E86C /* WeiboSDK.bundle */; };
/* End PBXBuildFile section */

/* Begin PBXFileReference section */
		7B3D634D1E1106890096D290 /* DDTwitterHandler.h */ = {isa = PBXFileReference; fileEncoding = 4; lastKnownFileType = sourcecode.c.h; path = DDTwitterHandler.h; sourceTree = "<group>"; };
		7B3D634E1E1106890096D290 /* DDTwitterHandler.m */ = {isa = PBXFileReference; fileEncoding = 4; lastKnownFileType = sourcecode.c.objc; path = DDTwitterHandler.m; sourceTree = "<group>"; };
		7B717B9D1E0BC1FE0098D5D8 /* DDAuthItem.h */ = {isa = PBXFileReference; fileEncoding = 4; lastKnownFileType = sourcecode.c.h; path = DDAuthItem.h; sourceTree = "<group>"; };
		7B717B9E1E0BC1FE0098D5D8 /* DDAuthItem.m */ = {isa = PBXFileReference; fileEncoding = 4; lastKnownFileType = sourcecode.c.objc; path = DDAuthItem.m; sourceTree = "<group>"; };
		7B717B9F1E0BC1FE0098D5D8 /* DDLinkupItem.h */ = {isa = PBXFileReference; fileEncoding = 4; lastKnownFileType = sourcecode.c.h; path = DDLinkupItem.h; sourceTree = "<group>"; };
		7B717BA01E0BC1FE0098D5D8 /* DDLinkupItem.m */ = {isa = PBXFileReference; fileEncoding = 4; lastKnownFileType = sourcecode.c.objc; path = DDLinkupItem.m; sourceTree = "<group>"; };
		7B717BA11E0BC1FE0098D5D8 /* DDSocialEventDefs.h */ = {isa = PBXFileReference; fileEncoding = 4; lastKnownFileType = sourcecode.c.h; path = DDSocialEventDefs.h; sourceTree = "<group>"; };
		7B717BA21E0BC1FE0098D5D8 /* DDSocialHandlerProtocol.h */ = {isa = PBXFileReference; fileEncoding = 4; lastKnownFileType = sourcecode.c.h; path = DDSocialHandlerProtocol.h; sourceTree = "<group>"; };
		7B717BA31E0BC1FE0098D5D8 /* DDSocialShareContentProtocol.h */ = {isa = PBXFileReference; fileEncoding = 4; lastKnownFileType = sourcecode.c.h; path = DDSocialShareContentProtocol.h; sourceTree = "<group>"; };
		7B717BA41E0BC1FE0098D5D8 /* DDSocialTypeDefs.h */ = {isa = PBXFileReference; fileEncoding = 4; lastKnownFileType = sourcecode.c.h; path = DDSocialTypeDefs.h; sourceTree = "<group>"; };
		7B717BA51E0BC1FE0098D5D8 /* DDSoicalRequestHandler.h */ = {isa = PBXFileReference; fileEncoding = 4; lastKnownFileType = sourcecode.c.h; path = DDSoicalRequestHandler.h; sourceTree = "<group>"; };
		7B717BA61E0BC1FE0098D5D8 /* DDSoicalRequestHandler.m */ = {isa = PBXFileReference; fileEncoding = 4; lastKnownFileType = sourcecode.c.objc; path = DDSoicalRequestHandler.m; sourceTree = "<group>"; };
		7B717BA71E0BC1FE0098D5D8 /* DDUserInfoItem.h */ = {isa = PBXFileReference; fileEncoding = 4; lastKnownFileType = sourcecode.c.h; path = DDUserInfoItem.h; sourceTree = "<group>"; };
		7B717BA81E0BC1FE0098D5D8 /* DDUserInfoItem.m */ = {isa = PBXFileReference; fileEncoding = 4; lastKnownFileType = sourcecode.c.objc; path = DDUserInfoItem.m; sourceTree = "<group>"; };
		7B717BA91E0BC1FE0098D5D8 /* UIImage+Zoom.h */ = {isa = PBXFileReference; fileEncoding = 4; lastKnownFileType = sourcecode.c.h; path = "UIImage+Zoom.h"; sourceTree = "<group>"; };
		7B717BAA1E0BC1FE0098D5D8 /* UIImage+Zoom.m */ = {isa = PBXFileReference; fileEncoding = 4; lastKnownFileType = sourcecode.c.objc; path = "UIImage+Zoom.m"; sourceTree = "<group>"; };
		7B717BAC1E0BC1FE0098D5D8 /* DDFacebookHandler.h */ = {isa = PBXFileReference; fileEncoding = 4; lastKnownFileType = sourcecode.c.h; path = DDFacebookHandler.h; sourceTree = "<group>"; };
		7B717BAD1E0BC1FE0098D5D8 /* DDFacebookHandler.m */ = {isa = PBXFileReference; fileEncoding = 4; lastKnownFileType = sourcecode.c.objc; path = DDFacebookHandler.m; sourceTree = "<group>"; };
		7B717BAF1E0BC1FE0098D5D8 /* DDGoogleHandler.h */ = {isa = PBXFileReference; fileEncoding = 4; lastKnownFileType = sourcecode.c.h; path = DDGoogleHandler.h; sourceTree = "<group>"; };
		7B717BB01E0BC1FE0098D5D8 /* DDGoogleHandler.m */ = {isa = PBXFileReference; fileEncoding = 4; lastKnownFileType = sourcecode.c.objc; path = DDGoogleHandler.m; sourceTree = "<group>"; };
		7B717BB21E0BC1FE0098D5D8 /* DDSocialShareHandler.h */ = {isa = PBXFileReference; fileEncoding = 4; lastKnownFileType = sourcecode.c.h; path = DDSocialShareHandler.h; sourceTree = "<group>"; };
		7B717BB31E0BC1FE0098D5D8 /* DDSocialShareHandler.m */ = {isa = PBXFileReference; fileEncoding = 4; lastKnownFileType = sourcecode.c.objc; path = DDSocialShareHandler.m; sourceTree = "<group>"; };
		7B717BB61E0BC1FE0098D5D8 /* DDMIHandler.h */ = {isa = PBXFileReference; fileEncoding = 4; lastKnownFileType = sourcecode.c.h; path = DDMIHandler.h; sourceTree = "<group>"; };
		7B717BB71E0BC1FE0098D5D8 /* DDMIHandler.m */ = {isa = PBXFileReference; fileEncoding = 4; lastKnownFileType = sourcecode.c.objc; path = DDMIHandler.m; sourceTree = "<group>"; };
		7B717BB91E0BC1FE0098D5D8 /* MiPassport.bundle */ = {isa = PBXFileReference; lastKnownFileType = "wrapper.plug-in"; path = MiPassport.bundle; sourceTree = "<group>"; };
		7B717BBA1E0BC1FE0098D5D8 /* MiPassport.framework */ = {isa = PBXFileReference; lastKnownFileType = wrapper.framework; path = MiPassport.framework; sourceTree = "<group>"; };
		7B717BBC1E0BC1FE0098D5D8 /* DDSinaHandler.h */ = {isa = PBXFileReference; fileEncoding = 4; lastKnownFileType = sourcecode.c.h; path = DDSinaHandler.h; sourceTree = "<group>"; };
		7B717BBD1E0BC1FE0098D5D8 /* DDSinaHandler.m */ = {isa = PBXFileReference; fileEncoding = 4; lastKnownFileType = sourcecode.c.objc; path = DDSinaHandler.m; sourceTree = "<group>"; };
		7B717BC31E0BC1FE0098D5D8 /* DDTencentHandler.h */ = {isa = PBXFileReference; fileEncoding = 4; lastKnownFileType = sourcecode.c.h; path = DDTencentHandler.h; sourceTree = "<group>"; };
		7B717BC41E0BC1FE0098D5D8 /* DDTencentHandler.m */ = {isa = PBXFileReference; fileEncoding = 4; lastKnownFileType = sourcecode.c.objc; path = DDTencentHandler.m; sourceTree = "<group>"; };
		7B717BC61E0BC1FE0098D5D8 /* TencentOpenAPI.framework */ = {isa = PBXFileReference; lastKnownFileType = wrapper.framework; path = TencentOpenAPI.framework; sourceTree = "<group>"; };
		7B717BCD1E0BC1FE0098D5D8 /* DDWeChatHandler.h */ = {isa = PBXFileReference; fileEncoding = 4; lastKnownFileType = sourcecode.c.h; path = DDWeChatHandler.h; sourceTree = "<group>"; };
		7B717BCE1E0BC1FE0098D5D8 /* DDWeChatHandler.m */ = {isa = PBXFileReference; fileEncoding = 4; lastKnownFileType = sourcecode.c.objc; path = DDWeChatHandler.m; sourceTree = "<group>"; };
		7B717BD01E0BC1FE0098D5D8 /* libWeChatSDK.a */ = {isa = PBXFileReference; lastKnownFileType = archive.ar; path = libWeChatSDK.a; sourceTree = "<group>"; };
		7B717BD11E0BC1FE0098D5D8 /* WechatAuthSDK.h */ = {isa = PBXFileReference; fileEncoding = 4; lastKnownFileType = sourcecode.c.h; path = WechatAuthSDK.h; sourceTree = "<group>"; };
		7B717BD21E0BC1FE0098D5D8 /* WXApi.h */ = {isa = PBXFileReference; fileEncoding = 4; lastKnownFileType = sourcecode.c.h; path = WXApi.h; sourceTree = "<group>"; };
		7B717BD31E0BC1FE0098D5D8 /* WXApiObject.h */ = {isa = PBXFileReference; fileEncoding = 4; lastKnownFileType = sourcecode.c.h; path = WXApiObject.h; sourceTree = "<group>"; };
		7B717BE71E0BC2280098D5D8 /* main.m */ = {isa = PBXFileReference; fileEncoding = 4; lastKnownFileType = sourcecode.c.objc; path = main.m; sourceTree = "<group>"; };
		7BF33FDE1E0AC84500A02EAA /* DDAuthTableViewController.h */ = {isa = PBXFileReference; fileEncoding = 4; lastKnownFileType = sourcecode.c.h; path = DDAuthTableViewController.h; sourceTree = "<group>"; };
		7BF33FDF1E0AC84500A02EAA /* DDAuthTableViewController.m */ = {isa = PBXFileReference; fileEncoding = 4; lastKnownFileType = sourcecode.c.objc; path = DDAuthTableViewController.m; sourceTree = "<group>"; };
		7BF33FE01E0AC84500A02EAA /* DDAuthTableViewController.xib */ = {isa = PBXFileReference; fileEncoding = 4; lastKnownFileType = file.xib; path = DDAuthTableViewController.xib; sourceTree = "<group>"; };
		7BF33FE11E0AC84500A02EAA /* DDMainViewController.h */ = {isa = PBXFileReference; fileEncoding = 4; lastKnownFileType = sourcecode.c.h; path = DDMainViewController.h; sourceTree = "<group>"; };
		7BF33FE21E0AC84500A02EAA /* DDMainViewController.m */ = {isa = PBXFileReference; fileEncoding = 4; lastKnownFileType = sourcecode.c.objc; path = DDMainViewController.m; sourceTree = "<group>"; };
		7BF33FE31E0AC84500A02EAA /* DDMainViewController.xib */ = {isa = PBXFileReference; fileEncoding = 4; lastKnownFileType = file.xib; path = DDMainViewController.xib; sourceTree = "<group>"; };
		7BF33FE41E0AC84500A02EAA /* DDShareTableViewController.h */ = {isa = PBXFileReference; fileEncoding = 4; lastKnownFileType = sourcecode.c.h; path = DDShareTableViewController.h; sourceTree = "<group>"; };
		7BF33FE51E0AC84500A02EAA /* DDShareTableViewController.m */ = {isa = PBXFileReference; fileEncoding = 4; lastKnownFileType = sourcecode.c.objc; path = DDShareTableViewController.m; sourceTree = "<group>"; };
		7BF33FE61E0AC84500A02EAA /* DDShareTableViewController.xib */ = {isa = PBXFileReference; fileEncoding = 4; lastKnownFileType = file.xib; path = DDShareTableViewController.xib; sourceTree = "<group>"; };
		7BF33FE71E0AC84500A02EAA /* GoogleService-Info.plist */ = {isa = PBXFileReference; fileEncoding = 4; lastKnownFileType = text.plist.xml; path = "GoogleService-Info.plist"; sourceTree = "<group>"; };
		7BF33FE81E0AC84500A02EAA /* IMG_5644.JPG */ = {isa = PBXFileReference; lastKnownFileType = image.jpeg; path = IMG_5644.JPG; sourceTree = "<group>"; };
		8453350BBBF6F5D4DBC36145 /* Pods-DDSocialCodeDemo.release.xcconfig */ = {isa = PBXFileReference; includeInIndex = 1; lastKnownFileType = text.xcconfig; name = "Pods-DDSocialCodeDemo.release.xcconfig"; path = "Pods/Target Support Files/Pods-DDSocialCodeDemo/Pods-DDSocialCodeDemo.release.xcconfig"; sourceTree = "<group>"; };
		9060A98D1CC50396006BABE2 /* DDSocialCodeDemo.app */ = {isa = PBXFileReference; explicitFileType = wrapper.application; includeInIndex = 0; path = DDSocialCodeDemo.app; sourceTree = BUILT_PRODUCTS_DIR; };
		9060A9931CC50396006BABE2 /* AppDelegate.h */ = {isa = PBXFileReference; lastKnownFileType = sourcecode.c.h; path = AppDelegate.h; sourceTree = "<group>"; };
		9060A9941CC50396006BABE2 /* AppDelegate.m */ = {isa = PBXFileReference; lastKnownFileType = sourcecode.c.objc; path = AppDelegate.m; sourceTree = "<group>"; };
		9060A99A1CC50396006BABE2 /* Base */ = {isa = PBXFileReference; lastKnownFileType = file.storyboard; name = Base; path = Base.lproj/Main.storyboard; sourceTree = "<group>"; };
		9060A99C1CC50396006BABE2 /* Assets.xcassets */ = {isa = PBXFileReference; lastKnownFileType = folder.assetcatalog; path = Assets.xcassets; sourceTree = "<group>"; };
		9060A99F1CC50396006BABE2 /* Base */ = {isa = PBXFileReference; lastKnownFileType = file.storyboard; name = Base; path = Base.lproj/LaunchScreen.storyboard; sourceTree = "<group>"; };
		9060A9A11CC50396006BABE2 /* Info.plist */ = {isa = PBXFileReference; lastKnownFileType = text.plist.xml; path = Info.plist; sourceTree = "<group>"; };
		9060A9B01CC50435006BABE2 /* DDSosial-Prefix.pch */ = {isa = PBXFileReference; fileEncoding = 4; lastKnownFileType = sourcecode.c.h; path = "DDSosial-Prefix.pch"; sourceTree = "<group>"; };
		9060AA221CC504B0006BABE2 /* Foundation.framework */ = {isa = PBXFileReference; lastKnownFileType = wrapper.framework; name = Foundation.framework; path = System/Library/Frameworks/Foundation.framework; sourceTree = SDKROOT; };
		9060AA241CC504B6006BABE2 /* UIKit.framework */ = {isa = PBXFileReference; lastKnownFileType = wrapper.framework; name = UIKit.framework; path = System/Library/Frameworks/UIKit.framework; sourceTree = SDKROOT; };
		9060AA261CC504C1006BABE2 /* libz.tbd */ = {isa = PBXFileReference; lastKnownFileType = "sourcecode.text-based-dylib-definition"; name = libz.tbd; path = usr/lib/libz.tbd; sourceTree = SDKROOT; };
		9060AA281CC504C7006BABE2 /* libsqlite3.tbd */ = {isa = PBXFileReference; lastKnownFileType = "sourcecode.text-based-dylib-definition"; name = libsqlite3.tbd; path = usr/lib/libsqlite3.tbd; sourceTree = SDKROOT; };
		9060AA2A1CC504FB006BABE2 /* libstdc++.tbd */ = {isa = PBXFileReference; lastKnownFileType = "sourcecode.text-based-dylib-definition"; name = "libstdc++.tbd"; path = "usr/lib/libstdc++.tbd"; sourceTree = SDKROOT; };
		9060AA2C1CC50503006BABE2 /* libiconv.tbd */ = {isa = PBXFileReference; lastKnownFileType = "sourcecode.text-based-dylib-definition"; name = libiconv.tbd; path = usr/lib/libiconv.tbd; sourceTree = SDKROOT; };
		9060AA2E1CC50510006BABE2 /* SystemConfiguration.framework */ = {isa = PBXFileReference; lastKnownFileType = wrapper.framework; name = SystemConfiguration.framework; path = System/Library/Frameworks/SystemConfiguration.framework; sourceTree = SDKROOT; };
		9060AA301CC50516006BABE2 /* CoreGraphics.framework */ = {isa = PBXFileReference; lastKnownFileType = wrapper.framework; name = CoreGraphics.framework; path = System/Library/Frameworks/CoreGraphics.framework; sourceTree = SDKROOT; };
		9060AA321CC50523006BABE2 /* CoreTelephony.framework */ = {isa = PBXFileReference; lastKnownFileType = wrapper.framework; name = CoreTelephony.framework; path = System/Library/Frameworks/CoreTelephony.framework; sourceTree = SDKROOT; };
		9060AA341CC5052C006BABE2 /* Security.framework */ = {isa = PBXFileReference; lastKnownFileType = wrapper.framework; name = Security.framework; path = System/Library/Frameworks/Security.framework; sourceTree = SDKROOT; };
		9060AAA01CC50935006BABE2 /* TencentOpenAPI.framework */ = {isa = PBXFileReference; lastKnownFileType = wrapper.framework; name = TencentOpenAPI.framework; path = ../DDSocial/Tencent/TencentSDK/TencentOpenAPI.framework; sourceTree = "<group>"; };
		90DDEFBE1ECA87F60081E86C /* libWeiboSDK.a */ = {isa = PBXFileReference; lastKnownFileType = archive.ar; path = libWeiboSDK.a; sourceTree = "<group>"; };
		90DDEFBF1ECA87F60081E86C /* WBHttpRequest+WeiboToken.h */ = {isa = PBXFileReference; fileEncoding = 4; lastKnownFileType = sourcecode.c.h; path = "WBHttpRequest+WeiboToken.h"; sourceTree = "<group>"; };
		90DDEFC01ECA87F60081E86C /* WBHttpRequest.h */ = {isa = PBXFileReference; fileEncoding = 4; lastKnownFileType = sourcecode.c.h; path = WBHttpRequest.h; sourceTree = "<group>"; };
		90DDEFC11ECA87F60081E86C /* WeiboSDK+Statistics.h */ = {isa = PBXFileReference; fileEncoding = 4; lastKnownFileType = sourcecode.c.h; path = "WeiboSDK+Statistics.h"; sourceTree = "<group>"; };
		90DDEFC21ECA87F60081E86C /* WeiboSDK.bundle */ = {isa = PBXFileReference; lastKnownFileType = "wrapper.plug-in"; path = WeiboSDK.bundle; sourceTree = "<group>"; };
		90DDEFC31ECA87F60081E86C /* WeiboSDK.h */ = {isa = PBXFileReference; fileEncoding = 4; lastKnownFileType = sourcecode.c.h; path = WeiboSDK.h; sourceTree = "<group>"; };
		9BC6CA4E6F25037B761CEEC2 /* Pods-DDSocialCodeDemo.debug.xcconfig */ = {isa = PBXFileReference; includeInIndex = 1; lastKnownFileType = text.xcconfig; name = "Pods-DDSocialCodeDemo.debug.xcconfig"; path = "Pods/Target Support Files/Pods-DDSocialCodeDemo/Pods-DDSocialCodeDemo.debug.xcconfig"; sourceTree = "<group>"; };
		ADB39552868A13A2BE675CED /* libPods-DDSocialCodeDemo.a */ = {isa = PBXFileReference; explicitFileType = archive.ar; includeInIndex = 0; path = "libPods-DDSocialCodeDemo.a"; sourceTree = BUILT_PRODUCTS_DIR; };
/* End PBXFileReference section */

/* Begin PBXFrameworksBuildPhase section */
		9060A98A1CC50396006BABE2 /* Frameworks */ = {
			isa = PBXFrameworksBuildPhase;
			buildActionMask = 2147483647;
			files = (
				7B717BE61E0BC1FE0098D5D8 /* libWeChatSDK.a in Frameworks */,
				9060AA351CC5052C006BABE2 /* Security.framework in Frameworks */,
				9060AA331CC50523006BABE2 /* CoreTelephony.framework in Frameworks */,
				9060AA311CC50516006BABE2 /* CoreGraphics.framework in Frameworks */,
				9060AA2F1CC50510006BABE2 /* SystemConfiguration.framework in Frameworks */,
				7B717BE21E0BC1FE0098D5D8 /* TencentOpenAPI.framework in Frameworks */,
				9060AA2D1CC50503006BABE2 /* libiconv.tbd in Frameworks */,
				9060AA2B1CC504FB006BABE2 /* libstdc++.tbd in Frameworks */,
				7B717BDE1E0BC1FE0098D5D8 /* MiPassport.framework in Frameworks */,
				9060AA291CC504C7006BABE2 /* libsqlite3.tbd in Frameworks */,
				90DDEFC41ECA87F60081E86C /* libWeiboSDK.a in Frameworks */,
				9060AA271CC504C1006BABE2 /* libz.tbd in Frameworks */,
				9060AA251CC504B6006BABE2 /* UIKit.framework in Frameworks */,
				9060AA231CC504B0006BABE2 /* Foundation.framework in Frameworks */,
				8FB3F3308E386B894D00C0E6 /* libPods-DDSocialCodeDemo.a in Frameworks */,
			);
			runOnlyForDeploymentPostprocessing = 0;
		};
/* End PBXFrameworksBuildPhase section */

/* Begin PBXGroup section */
		7B3D634C1E1106890096D290 /* Twitter */ = {
			isa = PBXGroup;
			children = (
				7B3D634D1E1106890096D290 /* DDTwitterHandler.h */,
				7B3D634E1E1106890096D290 /* DDTwitterHandler.m */,
			);
			path = Twitter;
			sourceTree = "<group>";
		};
		7B717B9B1E0BC1FE0098D5D8 /* DDSocial */ = {
			isa = PBXGroup;
			children = (
				7B717B9C1E0BC1FE0098D5D8 /* Core */,
				7B717BAB1E0BC1FE0098D5D8 /* Facebook */,
				7B717BAE1E0BC1FE0098D5D8 /* Google */,
				7B717BB11E0BC1FE0098D5D8 /* Handler */,
				7B717BB41E0BC1FE0098D5D8 /* MI */,
				7B717BBB1E0BC1FE0098D5D8 /* Sina */,
				7B717BC11E0BC1FE0098D5D8 /* Tencent */,
				7B3D634C1E1106890096D290 /* Twitter */,
				7B717BCB1E0BC1FE0098D5D8 /* Wechat */,
			);
			name = DDSocial;
			path = ../DDSocial;
			sourceTree = "<group>";
		};
		7B717B9C1E0BC1FE0098D5D8 /* Core */ = {
			isa = PBXGroup;
			children = (
				7B717B9D1E0BC1FE0098D5D8 /* DDAuthItem.h */,
				7B717B9E1E0BC1FE0098D5D8 /* DDAuthItem.m */,
				7B717B9F1E0BC1FE0098D5D8 /* DDLinkupItem.h */,
				7B717BA01E0BC1FE0098D5D8 /* DDLinkupItem.m */,
				7B717BA11E0BC1FE0098D5D8 /* DDSocialEventDefs.h */,
				7B717BA21E0BC1FE0098D5D8 /* DDSocialHandlerProtocol.h */,
				7B717BA31E0BC1FE0098D5D8 /* DDSocialShareContentProtocol.h */,
				7B717BA41E0BC1FE0098D5D8 /* DDSocialTypeDefs.h */,
				7B717BA51E0BC1FE0098D5D8 /* DDSoicalRequestHandler.h */,
				7B717BA61E0BC1FE0098D5D8 /* DDSoicalRequestHandler.m */,
				7B717BA71E0BC1FE0098D5D8 /* DDUserInfoItem.h */,
				7B717BA81E0BC1FE0098D5D8 /* DDUserInfoItem.m */,
				7B717BA91E0BC1FE0098D5D8 /* UIImage+Zoom.h */,
				7B717BAA1E0BC1FE0098D5D8 /* UIImage+Zoom.m */,
			);
			path = Core;
			sourceTree = "<group>";
		};
		7B717BAB1E0BC1FE0098D5D8 /* Facebook */ = {
			isa = PBXGroup;
			children = (
				7B717BAC1E0BC1FE0098D5D8 /* DDFacebookHandler.h */,
				7B717BAD1E0BC1FE0098D5D8 /* DDFacebookHandler.m */,
			);
			path = Facebook;
			sourceTree = "<group>";
		};
		7B717BAE1E0BC1FE0098D5D8 /* Google */ = {
			isa = PBXGroup;
			children = (
				7B717BAF1E0BC1FE0098D5D8 /* DDGoogleHandler.h */,
				7B717BB01E0BC1FE0098D5D8 /* DDGoogleHandler.m */,
			);
			path = Google;
			sourceTree = "<group>";
		};
		7B717BB11E0BC1FE0098D5D8 /* Handler */ = {
			isa = PBXGroup;
			children = (
				7B717BB21E0BC1FE0098D5D8 /* DDSocialShareHandler.h */,
				7B717BB31E0BC1FE0098D5D8 /* DDSocialShareHandler.m */,
			);
			path = Handler;
			sourceTree = "<group>";
		};
		7B717BB41E0BC1FE0098D5D8 /* MI */ = {
			isa = PBXGroup;
			children = (
				7B717BB51E0BC1FE0098D5D8 /* Handler */,
				7B717BB81E0BC1FE0098D5D8 /* MiSDK */,
			);
			path = MI;
			sourceTree = "<group>";
		};
		7B717BB51E0BC1FE0098D5D8 /* Handler */ = {
			isa = PBXGroup;
			children = (
				7B717BB61E0BC1FE0098D5D8 /* DDMIHandler.h */,
				7B717BB71E0BC1FE0098D5D8 /* DDMIHandler.m */,
			);
			path = Handler;
			sourceTree = "<group>";
		};
		7B717BB81E0BC1FE0098D5D8 /* MiSDK */ = {
			isa = PBXGroup;
			children = (
				7B717BB91E0BC1FE0098D5D8 /* MiPassport.bundle */,
				7B717BBA1E0BC1FE0098D5D8 /* MiPassport.framework */,
			);
			path = MiSDK;
			sourceTree = "<group>";
		};
		7B717BBB1E0BC1FE0098D5D8 /* Sina */ = {
			isa = PBXGroup;
			children = (
				7B717BBC1E0BC1FE0098D5D8 /* DDSinaHandler.h */,
				7B717BBD1E0BC1FE0098D5D8 /* DDSinaHandler.m */,
				90DDEFBD1ECA87F60081E86C /* libWeiboSDK */,
			);
			path = Sina;
			sourceTree = "<group>";
		};
		7B717BC11E0BC1FE0098D5D8 /* Tencent */ = {
			isa = PBXGroup;
			children = (
				7B717BC21E0BC1FE0098D5D8 /* Handler */,
				7B717BC51E0BC1FE0098D5D8 /* TencentSDK */,
			);
			path = Tencent;
			sourceTree = "<group>";
		};
		7B717BC21E0BC1FE0098D5D8 /* Handler */ = {
			isa = PBXGroup;
			children = (
				7B717BC31E0BC1FE0098D5D8 /* DDTencentHandler.h */,
				7B717BC41E0BC1FE0098D5D8 /* DDTencentHandler.m */,
			);
			path = Handler;
			sourceTree = "<group>";
		};
		7B717BC51E0BC1FE0098D5D8 /* TencentSDK */ = {
			isa = PBXGroup;
			children = (
				7B717BC61E0BC1FE0098D5D8 /* TencentOpenAPI.framework */,
			);
			path = TencentSDK;
			sourceTree = "<group>";
		};
		7B717BCB1E0BC1FE0098D5D8 /* Wechat */ = {
			isa = PBXGroup;
			children = (
				7B717BCC1E0BC1FE0098D5D8 /* Handler */,
				7B717BCF1E0BC1FE0098D5D8 /* WeChatSDK */,
			);
			path = Wechat;
			sourceTree = "<group>";
		};
		7B717BCC1E0BC1FE0098D5D8 /* Handler */ = {
			isa = PBXGroup;
			children = (
				7B717BCD1E0BC1FE0098D5D8 /* DDWeChatHandler.h */,
				7B717BCE1E0BC1FE0098D5D8 /* DDWeChatHandler.m */,
			);
			path = Handler;
			sourceTree = "<group>";
		};
		7B717BCF1E0BC1FE0098D5D8 /* WeChatSDK */ = {
			isa = PBXGroup;
			children = (
				7B717BD01E0BC1FE0098D5D8 /* libWeChatSDK.a */,
				7B717BD11E0BC1FE0098D5D8 /* WechatAuthSDK.h */,
				7B717BD21E0BC1FE0098D5D8 /* WXApi.h */,
				7B717BD31E0BC1FE0098D5D8 /* WXApiObject.h */,
			);
			path = WeChatSDK;
			sourceTree = "<group>";
		};
		7BF33FDD1E0AC84500A02EAA /* DDSocialDemoCore */ = {
			isa = PBXGroup;
			children = (
				7BF33FDE1E0AC84500A02EAA /* DDAuthTableViewController.h */,
				7BF33FDF1E0AC84500A02EAA /* DDAuthTableViewController.m */,
				7BF33FE01E0AC84500A02EAA /* DDAuthTableViewController.xib */,
				7BF33FE11E0AC84500A02EAA /* DDMainViewController.h */,
				7BF33FE21E0AC84500A02EAA /* DDMainViewController.m */,
				7BF33FE31E0AC84500A02EAA /* DDMainViewController.xib */,
				7BF33FE41E0AC84500A02EAA /* DDShareTableViewController.h */,
				7BF33FE51E0AC84500A02EAA /* DDShareTableViewController.m */,
				7BF33FE61E0AC84500A02EAA /* DDShareTableViewController.xib */,
				7BF33FE71E0AC84500A02EAA /* GoogleService-Info.plist */,
				7BF33FE81E0AC84500A02EAA /* IMG_5644.JPG */,
			);
			name = DDSocialDemoCore;
			path = ../../DDSocialDemoCore;
			sourceTree = "<group>";
		};
		9060A9841CC50396006BABE2 = {
			isa = PBXGroup;
			children = (
				7B717B9B1E0BC1FE0098D5D8 /* DDSocial */,
				9060AA341CC5052C006BABE2 /* Security.framework */,
				9060AA321CC50523006BABE2 /* CoreTelephony.framework */,
				9060AA301CC50516006BABE2 /* CoreGraphics.framework */,
				9060AA2E1CC50510006BABE2 /* SystemConfiguration.framework */,
				9060AA2C1CC50503006BABE2 /* libiconv.tbd */,
				9060AA2A1CC504FB006BABE2 /* libstdc++.tbd */,
				9060AA281CC504C7006BABE2 /* libsqlite3.tbd */,
				9060AA261CC504C1006BABE2 /* libz.tbd */,
				9060AA241CC504B6006BABE2 /* UIKit.framework */,
				9060AA221CC504B0006BABE2 /* Foundation.framework */,
				9060A98F1CC50396006BABE2 /* DDSocialCodeDemo */,
				9060A98E1CC50396006BABE2 /* Products */,
				EF50808067ABF813D4919828 /* Frameworks */,
				A56F59442B79706E14CC0D3B /* Pods */,
			);
			sourceTree = "<group>";
		};
		9060A98E1CC50396006BABE2 /* Products */ = {
			isa = PBXGroup;
			children = (
				9060A98D1CC50396006BABE2 /* DDSocialCodeDemo.app */,
			);
			name = Products;
			sourceTree = "<group>";
		};
		9060A98F1CC50396006BABE2 /* DDSocialCodeDemo */ = {
			isa = PBXGroup;
			children = (
				7BF33FDD1E0AC84500A02EAA /* DDSocialDemoCore */,
				9060A9931CC50396006BABE2 /* AppDelegate.h */,
				9060A9941CC50396006BABE2 /* AppDelegate.m */,
				9060A9B01CC50435006BABE2 /* DDSosial-Prefix.pch */,
				9060A9991CC50396006BABE2 /* Main.storyboard */,
				9060A99C1CC50396006BABE2 /* Assets.xcassets */,
				9060A99E1CC50396006BABE2 /* LaunchScreen.storyboard */,
				9060A9A11CC50396006BABE2 /* Info.plist */,
				9060A9901CC50396006BABE2 /* Supporting Files */,
			);
			path = DDSocialCodeDemo;
			sourceTree = "<group>";
		};
		9060A9901CC50396006BABE2 /* Supporting Files */ = {
			isa = PBXGroup;
			children = (
				7B717BE71E0BC2280098D5D8 /* main.m */,
			);
			name = "Supporting Files";
			sourceTree = "<group>";
		};
		90DDEFBD1ECA87F60081E86C /* libWeiboSDK */ = {
			isa = PBXGroup;
			children = (
				90DDEFBE1ECA87F60081E86C /* libWeiboSDK.a */,
				90DDEFBF1ECA87F60081E86C /* WBHttpRequest+WeiboToken.h */,
				90DDEFC01ECA87F60081E86C /* WBHttpRequest.h */,
				90DDEFC11ECA87F60081E86C /* WeiboSDK+Statistics.h */,
				90DDEFC21ECA87F60081E86C /* WeiboSDK.bundle */,
				90DDEFC31ECA87F60081E86C /* WeiboSDK.h */,
			);
			path = libWeiboSDK;
			sourceTree = "<group>";
		};
		A56F59442B79706E14CC0D3B /* Pods */ = {
			isa = PBXGroup;
			children = (
				9BC6CA4E6F25037B761CEEC2 /* Pods-DDSocialCodeDemo.debug.xcconfig */,
				8453350BBBF6F5D4DBC36145 /* Pods-DDSocialCodeDemo.release.xcconfig */,
			);
			name = Pods;
			sourceTree = "<group>";
		};
		EF50808067ABF813D4919828 /* Frameworks */ = {
			isa = PBXGroup;
			children = (
				9060AAA01CC50935006BABE2 /* TencentOpenAPI.framework */,
				ADB39552868A13A2BE675CED /* libPods-DDSocialCodeDemo.a */,
			);
			name = Frameworks;
			sourceTree = "<group>";
		};
/* End PBXGroup section */

/* Begin PBXNativeTarget section */
		9060A98C1CC50396006BABE2 /* DDSocialCodeDemo */ = {
			isa = PBXNativeTarget;
			buildConfigurationList = 9060A9A41CC50396006BABE2 /* Build configuration list for PBXNativeTarget "DDSocialCodeDemo" */;
			buildPhases = (
				9E710054087A5216664FF8CD /* [CP] Check Pods Manifest.lock */,
				9060A9891CC50396006BABE2 /* Sources */,
				9060A98A1CC50396006BABE2 /* Frameworks */,
				9060A98B1CC50396006BABE2 /* Resources */,
				70059EB1C69D379A0402AF99 /* [CP] Embed Pods Frameworks */,
				19C66A5A98495E8BD73E627B /* [CP] Copy Pods Resources */,
			);
			buildRules = (
			);
			dependencies = (
			);
			name = DDSocialCodeDemo;
			productName = DDSocialCodeDemo;
			productReference = 9060A98D1CC50396006BABE2 /* DDSocialCodeDemo.app */;
			productType = "com.apple.product-type.application";
		};
/* End PBXNativeTarget section */

/* Begin PBXProject section */
		9060A9851CC50396006BABE2 /* Project object */ = {
			isa = PBXProject;
			attributes = {
				LastUpgradeCheck = 0820;
				ORGANIZATIONNAME = LiLingang;
				TargetAttributes = {
					9060A98C1CC50396006BABE2 = {
						CreatedOnToolsVersion = 7.2.1;
						DevelopmentTeam = BPBCHD64GW;
					};
				};
			};
			buildConfigurationList = 9060A9881CC50396006BABE2 /* Build configuration list for PBXProject "DDSocialCodeDemo" */;
			compatibilityVersion = "Xcode 3.2";
			developmentRegion = English;
			hasScannedForEncodings = 0;
			knownRegions = (
				en,
				Base,
			);
			mainGroup = 9060A9841CC50396006BABE2;
			productRefGroup = 9060A98E1CC50396006BABE2 /* Products */;
			projectDirPath = "";
			projectRoot = "";
			targets = (
				9060A98C1CC50396006BABE2 /* DDSocialCodeDemo */,
			);
		};
/* End PBXProject section */

/* Begin PBXResourcesBuildPhase section */
		9060A98B1CC50396006BABE2 /* Resources */ = {
			isa = PBXResourcesBuildPhase;
			buildActionMask = 2147483647;
			files = (
				9060A9A01CC50396006BABE2 /* LaunchScreen.storyboard in Resources */,
				7B717BDD1E0BC1FE0098D5D8 /* MiPassport.bundle in Resources */,
				9060A9A01CC50396006BABE2 /* LaunchScreen.storyboard in Resources */,
				7BF33FEE1E0AC84500A02EAA /* DDShareTableViewController.xib in Resources */,
				7BF33FF01E0AC84500A02EAA /* IMG_5644.JPG in Resources */,
				7BF33FEF1E0AC84500A02EAA /* GoogleService-Info.plist in Resources */,
				9060A99D1CC50396006BABE2 /* Assets.xcassets in Resources */,
				9060A99B1CC50396006BABE2 /* Main.storyboard in Resources */,
				90DDEFC51ECA87F60081E86C /* WeiboSDK.bundle in Resources */,
				7BF33FEC1E0AC84500A02EAA /* DDMainViewController.xib in Resources */,
				7BF33FEA1E0AC84500A02EAA /* DDAuthTableViewController.xib in Resources */,
			);
			runOnlyForDeploymentPostprocessing = 0;
		};
/* End PBXResourcesBuildPhase section */

/* Begin PBXShellScriptBuildPhase section */
		19C66A5A98495E8BD73E627B /* [CP] Copy Pods Resources */ = {
			isa = PBXShellScriptBuildPhase;
			buildActionMask = 2147483647;
			files = (
			);
			inputPaths = (
			);
			name = "[CP] Copy Pods Resources";
			outputPaths = (
			);
			runOnlyForDeploymentPostprocessing = 0;
			shellPath = /bin/sh;
			shellScript = "\"${SRCROOT}/Pods/Target Support Files/Pods-DDSocialCodeDemo/Pods-DDSocialCodeDemo-resources.sh\"\n";
			showEnvVarsInLog = 0;
		};
		70059EB1C69D379A0402AF99 /* [CP] Embed Pods Frameworks */ = {
			isa = PBXShellScriptBuildPhase;
			buildActionMask = 2147483647;
			files = (
			);
			inputPaths = (
			);
			name = "[CP] Embed Pods Frameworks";
			outputPaths = (
			);
			runOnlyForDeploymentPostprocessing = 0;
			shellPath = /bin/sh;
			shellScript = "\"${SRCROOT}/Pods/Target Support Files/Pods-DDSocialCodeDemo/Pods-DDSocialCodeDemo-frameworks.sh\"\n";
			showEnvVarsInLog = 0;
		};
		9E710054087A5216664FF8CD /* [CP] Check Pods Manifest.lock */ = {
			isa = PBXShellScriptBuildPhase;
			buildActionMask = 2147483647;
			files = (
			);
			inputPaths = (
			);
			name = "[CP] Check Pods Manifest.lock";
			outputPaths = (
			);
			runOnlyForDeploymentPostprocessing = 0;
			shellPath = /bin/sh;
			shellScript = "diff \"${PODS_PODFILE_DIR_PATH}/Podfile.lock\" \"${PODS_ROOT}/Manifest.lock\" > /dev/null\nif [ $? != 0 ] ; then\n    # print error to STDERR\n    echo \"error: The sandbox is not in sync with the Podfile.lock. Run 'pod install' or update your CocoaPods installation.\" >&2\n    exit 1\nfi\n";
			showEnvVarsInLog = 0;
		};
/* End PBXShellScriptBuildPhase section */

/* Begin PBXSourcesBuildPhase section */
		9060A9891CC50396006BABE2 /* Sources */ = {
			isa = PBXSourcesBuildPhase;
			buildActionMask = 2147483647;
			files = (
				7BF33FE91E0AC84500A02EAA /* DDAuthTableViewController.m in Sources */,
				7B717BDB1E0BC1FE0098D5D8 /* DDSocialShareHandler.m in Sources */,
				7B717BDC1E0BC1FE0098D5D8 /* DDMIHandler.m in Sources */,
				7B717BD61E0BC1FE0098D5D8 /* DDSoicalRequestHandler.m in Sources */,
				9060A9951CC50396006BABE2 /* AppDelegate.m in Sources */,
				7B717BDA1E0BC1FE0098D5D8 /* DDGoogleHandler.m in Sources */,
				7B717BD71E0BC1FE0098D5D8 /* DDUserInfoItem.m in Sources */,
				7B717BE81E0BC2280098D5D8 /* main.m in Sources */,
				7B717BD41E0BC1FE0098D5D8 /* DDAuthItem.m in Sources */,
				7B717BD51E0BC1FE0098D5D8 /* DDLinkupItem.m in Sources */,
				7B717BE51E0BC1FE0098D5D8 /* DDWeChatHandler.m in Sources */,
				7B717BD91E0BC1FE0098D5D8 /* DDFacebookHandler.m in Sources */,
				7B3D634F1E1106890096D290 /* DDTwitterHandler.m in Sources */,
				7B717BE11E0BC1FE0098D5D8 /* DDTencentHandler.m in Sources */,
				7B717BDF1E0BC1FE0098D5D8 /* DDSinaHandler.m in Sources */,
				7BF33FEB1E0AC84500A02EAA /* DDMainViewController.m in Sources */,
				7B717BD81E0BC1FE0098D5D8 /* UIImage+Zoom.m in Sources */,
				7BF33FED1E0AC84500A02EAA /* DDShareTableViewController.m in Sources */,
			);
			runOnlyForDeploymentPostprocessing = 0;
		};
/* End PBXSourcesBuildPhase section */

/* Begin PBXVariantGroup section */
		9060A9991CC50396006BABE2 /* Main.storyboard */ = {
			isa = PBXVariantGroup;
			children = (
				9060A99A1CC50396006BABE2 /* Base */,
			);
			name = Main.storyboard;
			sourceTree = "<group>";
		};
		9060A99E1CC50396006BABE2 /* LaunchScreen.storyboard */ = {
			isa = PBXVariantGroup;
			children = (
				9060A99F1CC50396006BABE2 /* Base */,
			);
			name = LaunchScreen.storyboard;
			sourceTree = "<group>";
		};
/* End PBXVariantGroup section */

/* Begin XCBuildConfiguration section */
		9060A9A21CC50396006BABE2 /* Debug */ = {
			isa = XCBuildConfiguration;
			buildSettings = {
				ALWAYS_SEARCH_USER_PATHS = NO;
				CLANG_CXX_LANGUAGE_STANDARD = "gnu++0x";
				CLANG_CXX_LIBRARY = "libc++";
				CLANG_ENABLE_MODULES = YES;
				CLANG_ENABLE_OBJC_ARC = YES;
				CLANG_WARN_BOOL_CONVERSION = YES;
				CLANG_WARN_CONSTANT_CONVERSION = YES;
				CLANG_WARN_DIRECT_OBJC_ISA_USAGE = YES_ERROR;
				CLANG_WARN_EMPTY_BODY = YES;
				CLANG_WARN_ENUM_CONVERSION = YES;
				CLANG_WARN_INFINITE_RECURSION = YES;
				CLANG_WARN_INT_CONVERSION = YES;
				CLANG_WARN_OBJC_ROOT_CLASS = YES_ERROR;
				CLANG_WARN_SUSPICIOUS_MOVE = YES;
				CLANG_WARN_UNREACHABLE_CODE = YES;
				CLANG_WARN__DUPLICATE_METHOD_MATCH = YES;
				"CODE_SIGN_IDENTITY[sdk=iphoneos*]" = "iPhone Developer";
				COPY_PHASE_STRIP = NO;
				DEBUG_INFORMATION_FORMAT = dwarf;
				ENABLE_STRICT_OBJC_MSGSEND = YES;
				ENABLE_TESTABILITY = YES;
				GCC_C_LANGUAGE_STANDARD = gnu99;
				GCC_DYNAMIC_NO_PIC = NO;
				GCC_NO_COMMON_BLOCKS = YES;
				GCC_OPTIMIZATION_LEVEL = 0;
				GCC_PREPROCESSOR_DEFINITIONS = (
					"DEBUG=1",
					"$(inherited)",
				);
				GCC_WARN_64_TO_32_BIT_CONVERSION = YES;
				GCC_WARN_ABOUT_RETURN_TYPE = YES_ERROR;
				GCC_WARN_UNDECLARED_SELECTOR = YES;
				GCC_WARN_UNINITIALIZED_AUTOS = YES_AGGRESSIVE;
				GCC_WARN_UNUSED_FUNCTION = YES;
				GCC_WARN_UNUSED_VARIABLE = YES;
				IPHONEOS_DEPLOYMENT_TARGET = 9.2;
				MTL_ENABLE_DEBUG_INFO = YES;
				ONLY_ACTIVE_ARCH = YES;
				SDKROOT = iphoneos;
			};
			name = Debug;
		};
		9060A9A31CC50396006BABE2 /* Release */ = {
			isa = XCBuildConfiguration;
			buildSettings = {
				ALWAYS_SEARCH_USER_PATHS = NO;
				CLANG_CXX_LANGUAGE_STANDARD = "gnu++0x";
				CLANG_CXX_LIBRARY = "libc++";
				CLANG_ENABLE_MODULES = YES;
				CLANG_ENABLE_OBJC_ARC = YES;
				CLANG_WARN_BOOL_CONVERSION = YES;
				CLANG_WARN_CONSTANT_CONVERSION = YES;
				CLANG_WARN_DIRECT_OBJC_ISA_USAGE = YES_ERROR;
				CLANG_WARN_EMPTY_BODY = YES;
				CLANG_WARN_ENUM_CONVERSION = YES;
				CLANG_WARN_INFINITE_RECURSION = YES;
				CLANG_WARN_INT_CONVERSION = YES;
				CLANG_WARN_OBJC_ROOT_CLASS = YES_ERROR;
				CLANG_WARN_SUSPICIOUS_MOVE = YES;
				CLANG_WARN_UNREACHABLE_CODE = YES;
				CLANG_WARN__DUPLICATE_METHOD_MATCH = YES;
				"CODE_SIGN_IDENTITY[sdk=iphoneos*]" = "iPhone Developer";
				COPY_PHASE_STRIP = NO;
				DEBUG_INFORMATION_FORMAT = "dwarf-with-dsym";
				ENABLE_NS_ASSERTIONS = NO;
				ENABLE_STRICT_OBJC_MSGSEND = YES;
				GCC_C_LANGUAGE_STANDARD = gnu99;
				GCC_NO_COMMON_BLOCKS = YES;
				GCC_WARN_64_TO_32_BIT_CONVERSION = YES;
				GCC_WARN_ABOUT_RETURN_TYPE = YES_ERROR;
				GCC_WARN_UNDECLARED_SELECTOR = YES;
				GCC_WARN_UNINITIALIZED_AUTOS = YES_AGGRESSIVE;
				GCC_WARN_UNUSED_FUNCTION = YES;
				GCC_WARN_UNUSED_VARIABLE = YES;
				IPHONEOS_DEPLOYMENT_TARGET = 9.2;
				MTL_ENABLE_DEBUG_INFO = NO;
				SDKROOT = iphoneos;
				VALIDATE_PRODUCT = YES;
			};
			name = Release;
		};
		9060A9A51CC50396006BABE2 /* Debug */ = {
			isa = XCBuildConfiguration;
			baseConfigurationReference = 9BC6CA4E6F25037B761CEEC2 /* Pods-DDSocialCodeDemo.debug.xcconfig */;
			buildSettings = {
				ASSETCATALOG_COMPILER_APPICON_NAME = AppIcon;
				DEVELOPMENT_TEAM = BPBCHD64GW;
				ENABLE_BITCODE = NO;
				FRAMEWORK_SEARCH_PATHS = (
					"$(inherited)",
					"\"$(SRCROOT)/../DDSocial/Tencent/TencentSDK/\"",
					"\"$(SRCROOT)/../DDSocial/MiLiao/MiLiaoSDK/\"",
					"\"$(SRCROOT)/../DDSocial/MI/MiSDK/\"",
				);
				GCC_PREFIX_HEADER = "$(SRCROOT)/DDSocialCodeDemo/DDSosial-Prefix.pch";
				GCC_PREPROCESSOR_DEFINITIONS = (
					"$(inherited)",
					"COCOAPODS=1",
					MI,
				);
				HEADER_SEARCH_PATHS = (
					"$(inherited)",
					"\"${PODS_ROOT}/Headers/Public\"",
					"\"${PODS_ROOT}/Headers/Public/Bolts\"",
					"\"${PODS_ROOT}/Headers/Public/FBSDKCoreKit\"",
					"\"${PODS_ROOT}/Headers/Public/FBSDKLoginKit\"",
					"\"${PODS_ROOT}/Headers/Public/FBSDKShareKit\"",
					"\"${PODS_ROOT}/Headers/Public/FirebaseAnalytics\"",
					"\"${PODS_ROOT}/Headers/Public/FirebaseCore\"",
					"\"${PODS_ROOT}/Headers/Public/FirebaseInstanceID\"",
					"\"${PODS_ROOT}/Headers/Public/GTMOAuth2\"",
					"\"${PODS_ROOT}/Headers/Public/GTMSessionFetcher\"",
					"\"${PODS_ROOT}/Headers/Public/Google\"",
					"\"${PODS_ROOT}/Headers/Public/GoogleSignIn\"",
					"\"${PODS_ROOT}/Headers/Public/GoogleToolboxForMac\"",
					"\"${PODS_ROOT}/Headers/Public/TTTAttributedLabel\"",
					"\"${PODS_ROOT}/Headers/Public/WeiboSDK\"",
				);
				INFOPLIST_FILE = DDSocialCodeDemo/Info.plist;
				IPHONEOS_DEPLOYMENT_TARGET = 8.0;
				LD_RUNPATH_SEARCH_PATHS = "$(inherited) @executable_path/Frameworks";
				LIBRARY_SEARCH_PATHS = (
					"$(inherited)",
					"\"${PODS_ROOT}/Google/Libraries\"",
					"$(inherited)",
					"\"${PODS_ROOT}/Google/Libraries\"",
					"$(inherited)",
					"\"${PODS_ROOT}/GoogleAppUtilities/Libraries\"",
					"$(inherited)",
					"\"${PODS_ROOT}/GoogleAuthUtilities/Libraries\"",
					"$(inherited)",
					"\"${PODS_ROOT}/GoogleAuthUtilities/Libraries\"",
					"$(inherited)",
					"\"${PODS_ROOT}/GoogleInterchangeUtilities/Libraries\"",
					"$(inherited)",
					"\"${PODS_ROOT}/GoogleNetworkingUtilities/Libraries\"",
					"$(inherited)",
					"\"${PODS_ROOT}/GoogleNetworkingUtilities/Libraries\"",
					"$(inherited)",
					"\"${PODS_ROOT}/GoogleSignIn/Libraries\"",
					"$(inherited)",
					"\"${PODS_ROOT}/GoogleSignIn/Libraries\"",
					"$(inherited)",
					"\"${PODS_ROOT}/GoogleSymbolUtilities/Libraries\"",
					"$(inherited)",
					"\"${PODS_ROOT}/GoogleUtilities/Libraries\"",
					"$(inherited)",
					"\"${PODS_ROOT}/GoogleUtilities/Libraries\"",
					"$(inherited)",
					"\"${PODS_ROOT}/GoogleUtilities/Libraries\"",
					"$(inherited)",
					"\"${PODS_ROOT}/GoogleUtilities/Libraries\"",
					"$(inherited)",
					"\"${PODS_ROOT}/GoogleUtilities/Libraries\"",
					"$(inherited)",
					"\"${PODS_ROOT}/GoogleUtilities/Libraries\"",
					"$(inherited)",
					"\"${PODS_ROOT}/GoogleUtilities/Libraries\"",
					"$(inherited)",
					"\"${PODS_ROOT}/GoogleUtilities/Libraries\"",
					"$(inherited)",
					"\"${PODS_ROOT}/GoogleUtilities/Libraries\"",
					"$(inherited)",
					"\"${PODS_ROOT}/GoogleUtilities/Libraries\"",
					"$(inherited)",
					"\"${PODS_ROOT}/GoogleUtilities/Libraries\"",
					"$(inherited)",
					"\"${PODS_ROOT}/GoogleUtilities/Libraries\"",
					"$(inherited)",
					"\"${PODS_ROOT}/GoogleUtilities/Libraries\"",
					"$(inherited)",
					"\"${PODS_ROOT}/GoogleUtilities/Libraries\"",
					"$(inherited)",
					"\"${PODS_ROOT}/GoogleUtilities/Libraries\"",
					"$(inherited)",
					"\"${PODS_ROOT}/GoogleUtilities/Libraries\"",
					"$(inherited)",
					"\"${PODS_ROOT}/GoogleUtilities/Libraries\"",
					"$(inherited)",
					"\"${PODS_ROOT}/WeiboSDK/libWeiboSDK\"",
					"\"$(SRCROOT)/../DDSocial/Wechat/WeChatSDK/\"",
				);
				PRODUCT_BUNDLE_IDENTIFIER = com.huami.DDSocial;
				PRODUCT_NAME = "$(TARGET_NAME)";
			};
			name = Debug;
		};
		9060A9A61CC50396006BABE2 /* Release */ = {
			isa = XCBuildConfiguration;
			baseConfigurationReference = 8453350BBBF6F5D4DBC36145 /* Pods-DDSocialCodeDemo.release.xcconfig */;
			buildSettings = {
				ASSETCATALOG_COMPILER_APPICON_NAME = AppIcon;
				DEVELOPMENT_TEAM = BPBCHD64GW;
				ENABLE_BITCODE = NO;
				FRAMEWORK_SEARCH_PATHS = (
					"$(inherited)",
					"\"$(SRCROOT)/../DDSocial/Tencent/TencentSDK/\"",
					"\"$(SRCROOT)/../DDSocial/MiLiao/MiLiaoSDK/\"",
					"\"$(SRCROOT)/../DDSocial/MI/MiSDK/\"",
				);
				GCC_PREFIX_HEADER = "$(SRCROOT)/DDSocialCodeDemo/DDSosial-Prefix.pch";
				HEADER_SEARCH_PATHS = (
					"$(inherited)",
					"\"${PODS_ROOT}/Headers/Public\"",
					"\"${PODS_ROOT}/Headers/Public/Bolts\"",
					"\"${PODS_ROOT}/Headers/Public/FBSDKCoreKit\"",
					"\"${PODS_ROOT}/Headers/Public/FBSDKLoginKit\"",
					"\"${PODS_ROOT}/Headers/Public/FBSDKShareKit\"",
					"\"${PODS_ROOT}/Headers/Public/FirebaseAnalytics\"",
					"\"${PODS_ROOT}/Headers/Public/FirebaseCore\"",
					"\"${PODS_ROOT}/Headers/Public/FirebaseInstanceID\"",
					"\"${PODS_ROOT}/Headers/Public/GTMOAuth2\"",
					"\"${PODS_ROOT}/Headers/Public/GTMSessionFetcher\"",
					"\"${PODS_ROOT}/Headers/Public/Google\"",
					"\"${PODS_ROOT}/Headers/Public/GoogleSignIn\"",
					"\"${PODS_ROOT}/Headers/Public/GoogleToolboxForMac\"",
					"\"${PODS_ROOT}/Headers/Public/TTTAttributedLabel\"",
					"\"${PODS_ROOT}/Headers/Public/WeiboSDK\"",
				);
				INFOPLIST_FILE = DDSocialCodeDemo/Info.plist;
				IPHONEOS_DEPLOYMENT_TARGET = 8.0;
				LD_RUNPATH_SEARCH_PATHS = "$(inherited) @executable_path/Frameworks";
				LIBRARY_SEARCH_PATHS = (
					"$(inherited)",
					"\"${PODS_ROOT}/Google/Libraries\"",
					"$(inherited)",
					"\"${PODS_ROOT}/Google/Libraries\"",
					"$(inherited)",
					"\"${PODS_ROOT}/GoogleAppUtilities/Libraries\"",
					"$(inherited)",
					"\"${PODS_ROOT}/GoogleAuthUtilities/Libraries\"",
					"$(inherited)",
					"\"${PODS_ROOT}/GoogleAuthUtilities/Libraries\"",
					"$(inherited)",
					"\"${PODS_ROOT}/GoogleInterchangeUtilities/Libraries\"",
					"$(inherited)",
					"\"${PODS_ROOT}/GoogleNetworkingUtilities/Libraries\"",
					"$(inherited)",
					"\"${PODS_ROOT}/GoogleNetworkingUtilities/Libraries\"",
					"$(inherited)",
					"\"${PODS_ROOT}/GoogleSignIn/Libraries\"",
					"$(inherited)",
					"\"${PODS_ROOT}/GoogleSignIn/Libraries\"",
					"$(inherited)",
					"\"${PODS_ROOT}/GoogleSymbolUtilities/Libraries\"",
					"$(inherited)",
					"\"${PODS_ROOT}/GoogleUtilities/Libraries\"",
					"$(inherited)",
					"\"${PODS_ROOT}/GoogleUtilities/Libraries\"",
					"$(inherited)",
					"\"${PODS_ROOT}/GoogleUtilities/Libraries\"",
					"$(inherited)",
					"\"${PODS_ROOT}/GoogleUtilities/Libraries\"",
					"$(inherited)",
					"\"${PODS_ROOT}/GoogleUtilities/Libraries\"",
					"$(inherited)",
					"\"${PODS_ROOT}/GoogleUtilities/Libraries\"",
					"$(inherited)",
					"\"${PODS_ROOT}/GoogleUtilities/Libraries\"",
					"$(inherited)",
					"\"${PODS_ROOT}/GoogleUtilities/Libraries\"",
					"$(inherited)",
					"\"${PODS_ROOT}/GoogleUtilities/Libraries\"",
					"$(inherited)",
					"\"${PODS_ROOT}/GoogleUtilities/Libraries\"",
					"$(inherited)",
					"\"${PODS_ROOT}/GoogleUtilities/Libraries\"",
					"$(inherited)",
					"\"${PODS_ROOT}/GoogleUtilities/Libraries\"",
					"$(inherited)",
					"\"${PODS_ROOT}/GoogleUtilities/Libraries\"",
					"$(inherited)",
					"\"${PODS_ROOT}/GoogleUtilities/Libraries\"",
					"$(inherited)",
					"\"${PODS_ROOT}/GoogleUtilities/Libraries\"",
					"$(inherited)",
					"\"${PODS_ROOT}/GoogleUtilities/Libraries\"",
					"$(inherited)",
					"\"${PODS_ROOT}/GoogleUtilities/Libraries\"",
					"$(inherited)",
					"\"${PODS_ROOT}/WeiboSDK/libWeiboSDK\"",
					"\"$(SRCROOT)/../DDSocial/Wechat/WeChatSDK/\"",
				);
				PRODUCT_BUNDLE_IDENTIFIER = com.huami.DDSocial;
				PRODUCT_NAME = "$(TARGET_NAME)";
			};
			name = Release;
		};
/* End XCBuildConfiguration section */

/* Begin XCConfigurationList section */
		9060A9881CC50396006BABE2 /* Build configuration list for PBXProject "DDSocialCodeDemo" */ = {
			isa = XCConfigurationList;
			buildConfigurations = (
				9060A9A21CC50396006BABE2 /* Debug */,
				9060A9A31CC50396006BABE2 /* Release */,
			);
			defaultConfigurationIsVisible = 0;
			defaultConfigurationName = Release;
		};
		9060A9A41CC50396006BABE2 /* Build configuration list for PBXNativeTarget "DDSocialCodeDemo" */ = {
			isa = XCConfigurationList;
			buildConfigurations = (
				9060A9A51CC50396006BABE2 /* Debug */,
				9060A9A61CC50396006BABE2 /* Release */,
			);
			defaultConfigurationIsVisible = 0;
			defaultConfigurationName = Release;
		};
/* End XCConfigurationList section */
	};
	rootObject = 9060A9851CC50396006BABE2 /* Project object */;
}
